// !$*UTF8*$!
{
	archiveVersion = 1;
	classes = {
	};
	objectVersion = 77;
	objects = {

/* Begin PBXBuildFile section */
		0815A1762E30A4BA00BD3417 /* FirebaseAI in Frameworks */ = {isa = PBXBuildFile; productRef = 0815A1752E30A4BA00BD3417 /* FirebaseAI */; };
		0815A1782E30A4BA00BD3417 /* FirebaseAnalytics in Frameworks */ = {isa = PBXBuildFile; productRef = 0815A1772E30A4BA00BD3417 /* FirebaseAnalytics */; };
		0815A17A2E30A4BA00BD3417 /* FirebaseAppCheck in Frameworks */ = {isa = PBXBuildFile; productRef = 0815A1792E30A4BA00BD3417 /* FirebaseAppCheck */; };
		0815A17C2E30A54000BD3417 /* FirebaseCore in Frameworks */ = {isa = PBXBuildFile; productRef = 0815A17B2E30A54000BD3417 /* FirebaseCore */; };
		08D252CD2E5CEF290079F746 /* DotLottie in Frameworks */ = {isa = PBXBuildFile; productRef = 08D252CC2E5CEF290079F746 /* DotLottie */; };
		08D7805F2E40DBCE0039B5D1 /* TravelPlannerAuth in Frameworks */ = {isa = PBXBuildFile; productRef = 08D7805E2E40DBCE0039B5D1 /* TravelPlannerAuth */; };
		08D780612E43896E0039B5D1 /* FirebaseAuth in Frameworks */ = {isa = PBXBuildFile; productRef = 08D780602E43896E0039B5D1 /* FirebaseAuth */; };
		08F01ACC2E44E86400CED5EF /* GoogleSignIn in Frameworks */ = {isa = PBXBuildFile; productRef = 08F01ACB2E44E86400CED5EF /* GoogleSignIn */; };
		08F01ACE2E44E86400CED5EF /* GoogleSignInSwift in Frameworks */ = {isa = PBXBuildFile; productRef = 08F01ACD2E44E86400CED5EF /* GoogleSignInSwift */; };
		08F01AD42E450D9500CED5EF /* TravelPlannerNetwork in Frameworks */ = {isa = PBXBuildFile; productRef = 08F01AD32E450D9500CED5EF /* TravelPlannerNetwork */; };
		08F01AD72E45116600CED5EF /* AppResources in Frameworks */ = {isa = PBXBuildFile; productRef = 08F01AD62E45116600CED5EF /* AppResources */; };
		08F01ADD2E45171000CED5EF /* AIPlanner in Frameworks */ = {isa = PBXBuildFile; productRef = 08F01ADC2E45171000CED5EF /* AIPlanner */; };
		08F01B0F2E491B2600CED5EF /* MockData in Frameworks */ = {isa = PBXBuildFile; productRef = 08F01B0E2E491B2600CED5EF /* MockData */; };
		08F01B152E4CC38A00CED5EF /* UserProfile in Frameworks */ = {isa = PBXBuildFile; productRef = 08F01B142E4CC38A00CED5EF /* UserProfile */; };
		08F01B472E54D0B300CED5EF /* TabBar in Frameworks */ = {isa = PBXBuildFile; productRef = 08F01B462E54D0B300CED5EF /* TabBar */; };
		08F01B4A2E54EFB500CED5EF /* AppRouter in Frameworks */ = {isa = PBXBuildFile; productRef = 08F01B492E54EFB500CED5EF /* AppRouter */; };
		08F01B4D2E561C6700CED5EF /* Splash in Frameworks */ = {isa = PBXBuildFile; productRef = 08F01B4C2E561C6700CED5EF /* Splash */; };
		08F01BC62E5BECFE00CED5EF /* AppCheckProvider in Frameworks */ = {isa = PBXBuildFile; productRef = 08F01BC52E5BECFE00CED5EF /* AppCheckProvider */; };
/* End PBXBuildFile section */

/* Begin PBXFileReference section */
		0815A13C2E3053D900BD3417 /* TravelPlanner.app */ = {isa = PBXFileReference; explicitFileType = wrapper.application; includeInIndex = 0; path = TravelPlanner.app; sourceTree = BUILT_PRODUCTS_DIR; };
/* End PBXFileReference section */

/* Begin PBXFileSystemSynchronizedBuildFileExceptionSet section */
		0815A14E2E3053DC00BD3417 /* Exceptions for "TravelPlanner" folder in "TravelPlanner" target */ = {
			isa = PBXFileSystemSynchronizedBuildFileExceptionSet;
			membershipExceptions = (
				App/Resources/Info.plist,
				Modules/AIPlanner,
				Modules/AppCheckProvider,
				Modules/AppResources,
				Modules/AppRouter,
				Modules/Onboarding,
				Modules/Splash,
				Modules/TabBar,
				Modules/TravelPlannerAuth,
				Modules/TravelPlannerNetwork,
				Modules/UserProfile,
			);
			target = 0815A13B2E3053D900BD3417 /* TravelPlanner */;
		};
/* End PBXFileSystemSynchronizedBuildFileExceptionSet section */

/* Begin PBXFileSystemSynchronizedRootGroup section */
		0815A13E2E3053D900BD3417 /* TravelPlanner */ = {
			isa = PBXFileSystemSynchronizedRootGroup;
			exceptions = (
				0815A14E2E3053DC00BD3417 /* Exceptions for "TravelPlanner" folder in "TravelPlanner" target */,
			);
			path = TravelPlanner;
			sourceTree = "<group>";
		};
/* End PBXFileSystemSynchronizedRootGroup section */

/* Begin PBXFrameworksBuildPhase section */
		0815A1392E3053D900BD3417 /* Frameworks */ = {
			isa = PBXFrameworksBuildPhase;
			buildActionMask = 2147483647;
			files = (
				08F01B0F2E491B2600CED5EF /* MockData in Frameworks */,
				08F01B4D2E561C6700CED5EF /* Splash in Frameworks */,
				0815A1782E30A4BA00BD3417 /* FirebaseAnalytics in Frameworks */,
				08F01B472E54D0B300CED5EF /* TabBar in Frameworks */,
				08F01B4A2E54EFB500CED5EF /* AppRouter in Frameworks */,
				08D252CD2E5CEF290079F746 /* DotLottie in Frameworks */,
				08D780612E43896E0039B5D1 /* FirebaseAuth in Frameworks */,
				08F01ADD2E45171000CED5EF /* AIPlanner in Frameworks */,
				08D7805F2E40DBCE0039B5D1 /* TravelPlannerAuth in Frameworks */,
				08F01ACE2E44E86400CED5EF /* GoogleSignInSwift in Frameworks */,
				08F01B152E4CC38A00CED5EF /* UserProfile in Frameworks */,
				08F01BC62E5BECFE00CED5EF /* AppCheckProvider in Frameworks */,
				0815A17A2E30A4BA00BD3417 /* FirebaseAppCheck in Frameworks */,
				0815A17C2E30A54000BD3417 /* FirebaseCore in Frameworks */,
				0815A1762E30A4BA00BD3417 /* FirebaseAI in Frameworks */,
				08F01ACC2E44E86400CED5EF /* GoogleSignIn in Frameworks */,
				08F01AD72E45116600CED5EF /* AppResources in Frameworks */,
				08F01AD42E450D9500CED5EF /* TravelPlannerNetwork in Frameworks */,
			);
			runOnlyForDeploymentPostprocessing = 0;
		};
/* End PBXFrameworksBuildPhase section */

/* Begin PBXGroup section */
		0815A1332E3053D900BD3417 = {
			isa = PBXGroup;
			children = (
				0815A13E2E3053D900BD3417 /* TravelPlanner */,
				08D7805D2E40DBCE0039B5D1 /* Frameworks */,
				0815A13D2E3053D900BD3417 /* Products */,
			);
			sourceTree = "<group>";
		};
		0815A13D2E3053D900BD3417 /* Products */ = {
			isa = PBXGroup;
			children = (
				0815A13C2E3053D900BD3417 /* TravelPlanner.app */,
			);
			name = Products;
			sourceTree = "<group>";
		};
		08D7805D2E40DBCE0039B5D1 /* Frameworks */ = {
			isa = PBXGroup;
			children = (
			);
			name = Frameworks;
			sourceTree = "<group>";
		};
/* End PBXGroup section */

/* Begin PBXNativeTarget section */
		0815A13B2E3053D900BD3417 /* TravelPlanner */ = {
			isa = PBXNativeTarget;
			buildConfigurationList = 0815A14F2E3053DC00BD3417 /* Build configuration list for PBXNativeTarget "TravelPlanner" */;
			buildPhases = (
				0815A1382E3053D900BD3417 /* Sources */,
				0815A1392E3053D900BD3417 /* Frameworks */,
				0815A13A2E3053D900BD3417 /* Resources */,
			);
			buildRules = (
			);
			dependencies = (
			);
			fileSystemSynchronizedGroups = (
				0815A13E2E3053D900BD3417 /* TravelPlanner */,
			);
			name = TravelPlanner;
			packageProductDependencies = (
				0815A1752E30A4BA00BD3417 /* FirebaseAI */,
				0815A1772E30A4BA00BD3417 /* FirebaseAnalytics */,
				0815A1792E30A4BA00BD3417 /* FirebaseAppCheck */,
				0815A17B2E30A54000BD3417 /* FirebaseCore */,
				08D7805E2E40DBCE0039B5D1 /* TravelPlannerAuth */,
				08D780602E43896E0039B5D1 /* FirebaseAuth */,
				08F01ACB2E44E86400CED5EF /* GoogleSignIn */,
				08F01ACD2E44E86400CED5EF /* GoogleSignInSwift */,
				08F01AD32E450D9500CED5EF /* TravelPlannerNetwork */,
				08F01AD62E45116600CED5EF /* AppResources */,
				08F01ADC2E45171000CED5EF /* AIPlanner */,
				08F01B0E2E491B2600CED5EF /* MockData */,
				08F01B142E4CC38A00CED5EF /* UserProfile */,
				08F01B462E54D0B300CED5EF /* TabBar */,
				08F01B492E54EFB500CED5EF /* AppRouter */,
				08F01B4C2E561C6700CED5EF /* Splash */,
				08F01BC52E5BECFE00CED5EF /* AppCheckProvider */,
				08D252CC2E5CEF290079F746 /* DotLottie */,
			);
			productName = TravelPlanner;
			productReference = 0815A13C2E3053D900BD3417 /* TravelPlanner.app */;
			productType = "com.apple.product-type.application";
		};
/* End PBXNativeTarget section */

/* Begin PBXProject section */
		0815A1342E3053D900BD3417 /* Project object */ = {
			isa = PBXProject;
			attributes = {
				BuildIndependentTargetsInParallel = 1;
				LastSwiftUpdateCheck = 1640;
				LastUpgradeCheck = 1640;
				TargetAttributes = {
					0815A13B2E3053D900BD3417 = {
						CreatedOnToolsVersion = 16.4;
					};
				};
			};
			buildConfigurationList = 0815A1372E3053D900BD3417 /* Build configuration list for PBXProject "TravelPlanner" */;
			developmentRegion = en;
			hasScannedForEncodings = 0;
			knownRegions = (
				en,
				Base,
			);
			mainGroup = 0815A1332E3053D900BD3417;
			minimizedProjectReferenceProxies = 1;
			packageReferences = (
				0815A1742E30A4BA00BD3417 /* XCRemoteSwiftPackageReference "firebase-ios-sdk" */,
				08F01ACA2E44E86300CED5EF /* XCRemoteSwiftPackageReference "GoogleSignIn-iOS" */,
				08D252CB2E5CEF290079F746 /* XCRemoteSwiftPackageReference "dotlottie-ios" */,
			);
			preferredProjectObjectVersion = 77;
			productRefGroup = 0815A13D2E3053D900BD3417 /* Products */;
			projectDirPath = "";
			projectRoot = "";
			targets = (
				0815A13B2E3053D900BD3417 /* TravelPlanner */,
			);
		};
/* End PBXProject section */

/* Begin PBXResourcesBuildPhase section */
		0815A13A2E3053D900BD3417 /* Resources */ = {
			isa = PBXResourcesBuildPhase;
			buildActionMask = 2147483647;
			files = (
			);
			runOnlyForDeploymentPostprocessing = 0;
		};
/* End PBXResourcesBuildPhase section */

/* Begin PBXSourcesBuildPhase section */
		0815A1382E3053D900BD3417 /* Sources */ = {
			isa = PBXSourcesBuildPhase;
			buildActionMask = 2147483647;
			files = (
			);
			runOnlyForDeploymentPostprocessing = 0;
		};
/* End PBXSourcesBuildPhase section */

/* Begin XCBuildConfiguration section */
		0815A1502E3053DC00BD3417 /* Debug */ = {
			isa = XCBuildConfiguration;
			buildSettings = {
				ASSETCATALOG_COMPILER_APPICON_NAME = AppIcon;
				ASSETCATALOG_COMPILER_GLOBAL_ACCENT_COLOR_NAME = AccentColor;
				CODE_SIGN_STYLE = Automatic;
				CURRENT_PROJECT_VERSION = 1;
				DEVELOPMENT_TEAM = DDYV9BM2N2;
				GENERATE_INFOPLIST_FILE = YES;
				INFOPLIST_FILE = TravelPlanner/App/Resources/Info.plist;
				INFOPLIST_KEY_UIApplicationSupportsIndirectInputEvents = YES;
				INFOPLIST_KEY_UILaunchStoryboardName = LaunchScreen;
				INFOPLIST_KEY_UISupportedInterfaceOrientations_iPad = "UIInterfaceOrientationPortrait UIInterfaceOrientationPortraitUpsideDown UIInterfaceOrientationLandscapeLeft UIInterfaceOrientationLandscapeRight";
				INFOPLIST_KEY_UISupportedInterfaceOrientations_iPhone = "UIInterfaceOrientationPortrait UIInterfaceOrientationLandscapeLeft UIInterfaceOrientationLandscapeRight";
				IPHONEOS_DEPLOYMENT_TARGET = 15;
				LD_RUNPATH_SEARCH_PATHS = (
					"$(inherited)",
					"@executable_path/Frameworks",
				);
				MARKETING_VERSION = 1.0;
				PRODUCT_BUNDLE_IDENTIFIER = com.acsdev.TravelPlanner;
				PRODUCT_NAME = "$(TARGET_NAME)";
				SUPPORTED_PLATFORMS = "iphoneos iphonesimulator";
				SUPPORTS_MACCATALYST = NO;
				SUPPORTS_XR_DESIGNED_FOR_IPHONE_IPAD = NO;
				SWIFT_EMIT_LOC_STRINGS = YES;
				SWIFT_VERSION = 5.0;
				TARGETED_DEVICE_FAMILY = "1,2";
			};
			name = Debug;
		};
		0815A1512E3053DC00BD3417 /* Release */ = {
			isa = XCBuildConfiguration;
			buildSettings = {
				ASSETCATALOG_COMPILER_APPICON_NAME = AppIcon;
				ASSETCATALOG_COMPILER_GLOBAL_ACCENT_COLOR_NAME = AccentColor;
				CODE_SIGN_STYLE = Automatic;
				CURRENT_PROJECT_VERSION = 1;
				DEVELOPMENT_TEAM = DDYV9BM2N2;
				GENERATE_INFOPLIST_FILE = YES;
				INFOPLIST_FILE = TravelPlanner/App/Resources/Info.plist;
				INFOPLIST_KEY_UIApplicationSupportsIndirectInputEvents = YES;
				INFOPLIST_KEY_UILaunchStoryboardName = LaunchScreen;
				INFOPLIST_KEY_UISupportedInterfaceOrientations_iPad = "UIInterfaceOrientationPortrait UIInterfaceOrientationPortraitUpsideDown UIInterfaceOrientationLandscapeLeft UIInterfaceOrientationLandscapeRight";
				INFOPLIST_KEY_UISupportedInterfaceOrientations_iPhone = "UIInterfaceOrientationPortrait UIInterfaceOrientationLandscapeLeft UIInterfaceOrientationLandscapeRight";
				IPHONEOS_DEPLOYMENT_TARGET = 15;
				LD_RUNPATH_SEARCH_PATHS = (
					"$(inherited)",
					"@executable_path/Frameworks",
				);
				MARKETING_VERSION = 1.0;
				PRODUCT_BUNDLE_IDENTIFIER = com.acsdev.TravelPlanner;
				PRODUCT_NAME = "$(TARGET_NAME)";
				SUPPORTED_PLATFORMS = "iphoneos iphonesimulator";
				SUPPORTS_MACCATALYST = NO;
				SUPPORTS_XR_DESIGNED_FOR_IPHONE_IPAD = NO;
				SWIFT_EMIT_LOC_STRINGS = YES;
				SWIFT_VERSION = 5.0;
				TARGETED_DEVICE_FAMILY = "1,2";
			};
			name = Release;
		};
		0815A1522E3053DC00BD3417 /* Debug */ = {
			isa = XCBuildConfiguration;
			buildSettings = {
				ALWAYS_SEARCH_USER_PATHS = NO;
				ASSETCATALOG_COMPILER_GENERATE_SWIFT_ASSET_SYMBOL_EXTENSIONS = YES;
				CLANG_ANALYZER_NONNULL = YES;
				CLANG_ANALYZER_NUMBER_OBJECT_CONVERSION = YES_AGGRESSIVE;
				CLANG_CXX_LANGUAGE_STANDARD = "gnu++20";
				CLANG_ENABLE_MODULES = YES;
				CLANG_ENABLE_OBJC_ARC = YES;
				CLANG_ENABLE_OBJC_WEAK = YES;
				CLANG_WARN_BLOCK_CAPTURE_AUTORELEASING = YES;
				CLANG_WARN_BOOL_CONVERSION = YES;
				CLANG_WARN_COMMA = YES;
				CLANG_WARN_CONSTANT_CONVERSION = YES;
				CLANG_WARN_DEPRECATED_OBJC_IMPLEMENTATIONS = YES;
				CLANG_WARN_DIRECT_OBJC_ISA_USAGE = YES_ERROR;
				CLANG_WARN_DOCUMENTATION_COMMENTS = YES;
				CLANG_WARN_EMPTY_BODY = YES;
				CLANG_WARN_ENUM_CONVERSION = YES;
				CLANG_WARN_INFINITE_RECURSION = YES;
				CLANG_WARN_INT_CONVERSION = YES;
				CLANG_WARN_NON_LITERAL_NULL_CONVERSION = YES;
				CLANG_WARN_OBJC_IMPLICIT_RETAIN_SELF = YES;
				CLANG_WARN_OBJC_LITERAL_CONVERSION = YES;
				CLANG_WARN_OBJC_ROOT_CLASS = YES_ERROR;
				CLANG_WARN_QUOTED_INCLUDE_IN_FRAMEWORK_HEADER = YES;
				CLANG_WARN_RANGE_LOOP_ANALYSIS = YES;
				CLANG_WARN_STRICT_PROTOTYPES = YES;
				CLANG_WARN_SUSPICIOUS_MOVE = YES;
				CLANG_WARN_UNGUARDED_AVAILABILITY = YES_AGGRESSIVE;
				CLANG_WARN_UNREACHABLE_CODE = YES;
				CLANG_WARN__DUPLICATE_METHOD_MATCH = YES;
				COPY_PHASE_STRIP = NO;
				DEBUG_INFORMATION_FORMAT = dwarf;
				DEVELOPMENT_TEAM = DDYV9BM2N2;
				ENABLE_STRICT_OBJC_MSGSEND = YES;
				ENABLE_TESTABILITY = YES;
				ENABLE_USER_SCRIPT_SANDBOXING = YES;
				GCC_C_LANGUAGE_STANDARD = gnu17;
				GCC_DYNAMIC_NO_PIC = NO;
				GCC_NO_COMMON_BLOCKS = YES;
				GCC_OPTIMIZATION_LEVEL = 0;
				GCC_PREPROCESSOR_DEFINITIONS = (
					"DEBUG=1",
					"$(inherited)",
				);
				GCC_WARN_64_TO_32_BIT_CONVERSION = YES;
				GCC_WARN_ABOUT_RETURN_TYPE = YES_ERROR;
				GCC_WARN_UNDECLARED_SELECTOR = YES;
				GCC_WARN_UNINITIALIZED_AUTOS = YES_AGGRESSIVE;
				GCC_WARN_UNUSED_FUNCTION = YES;
				GCC_WARN_UNUSED_VARIABLE = YES;
				IPHONEOS_DEPLOYMENT_TARGET = 18.5;
				LOCALIZATION_PREFERS_STRING_CATALOGS = YES;
				MTL_ENABLE_DEBUG_INFO = INCLUDE_SOURCE;
				MTL_FAST_MATH = YES;
				ONLY_ACTIVE_ARCH = YES;
				SDKROOT = iphoneos;
				SWIFT_ACTIVE_COMPILATION_CONDITIONS = "DEBUG $(inherited)";
				SWIFT_OPTIMIZATION_LEVEL = "-Onone";
			};
			name = Debug;
		};
		0815A1532E3053DC00BD3417 /* Release */ = {
			isa = XCBuildConfiguration;
			buildSettings = {
				ALWAYS_SEARCH_USER_PATHS = NO;
				ASSETCATALOG_COMPILER_GENERATE_SWIFT_ASSET_SYMBOL_EXTENSIONS = YES;
				CLANG_ANALYZER_NONNULL = YES;
				CLANG_ANALYZER_NUMBER_OBJECT_CONVERSION = YES_AGGRESSIVE;
				CLANG_CXX_LANGUAGE_STANDARD = "gnu++20";
				CLANG_ENABLE_MODULES = YES;
				CLANG_ENABLE_OBJC_ARC = YES;
				CLANG_ENABLE_OBJC_WEAK = YES;
				CLANG_WARN_BLOCK_CAPTURE_AUTORELEASING = YES;
				CLANG_WARN_BOOL_CONVERSION = YES;
				CLANG_WARN_COMMA = YES;
				CLANG_WARN_CONSTANT_CONVERSION = YES;
				CLANG_WARN_DEPRECATED_OBJC_IMPLEMENTATIONS = YES;
				CLANG_WARN_DIRECT_OBJC_ISA_USAGE = YES_ERROR;
				CLANG_WARN_DOCUMENTATION_COMMENTS = YES;
				CLANG_WARN_EMPTY_BODY = YES;
				CLANG_WARN_ENUM_CONVERSION = YES;
				CLANG_WARN_INFINITE_RECURSION = YES;
				CLANG_WARN_INT_CONVERSION = YES;
				CLANG_WARN_NON_LITERAL_NULL_CONVERSION = YES;
				CLANG_WARN_OBJC_IMPLICIT_RETAIN_SELF = YES;
				CLANG_WARN_OBJC_LITERAL_CONVERSION = YES;
				CLANG_WARN_OBJC_ROOT_CLASS = YES_ERROR;
				CLANG_WARN_QUOTED_INCLUDE_IN_FRAMEWORK_HEADER = YES;
				CLANG_WARN_RANGE_LOOP_ANALYSIS = YES;
				CLANG_WARN_STRICT_PROTOTYPES = YES;
				CLANG_WARN_SUSPICIOUS_MOVE = YES;
				CLANG_WARN_UNGUARDED_AVAILABILITY = YES_AGGRESSIVE;
				CLANG_WARN_UNREACHABLE_CODE = YES;
				CLANG_WARN__DUPLICATE_METHOD_MATCH = YES;
				COPY_PHASE_STRIP = NO;
				DEBUG_INFORMATION_FORMAT = "dwarf-with-dsym";
				DEVELOPMENT_TEAM = DDYV9BM2N2;
				ENABLE_NS_ASSERTIONS = NO;
				ENABLE_STRICT_OBJC_MSGSEND = YES;
				ENABLE_USER_SCRIPT_SANDBOXING = YES;
				GCC_C_LANGUAGE_STANDARD = gnu17;
				GCC_NO_COMMON_BLOCKS = YES;
				GCC_WARN_64_TO_32_BIT_CONVERSION = YES;
				GCC_WARN_ABOUT_RETURN_TYPE = YES_ERROR;
				GCC_WARN_UNDECLARED_SELECTOR = YES;
				GCC_WARN_UNINITIALIZED_AUTOS = YES_AGGRESSIVE;
				GCC_WARN_UNUSED_FUNCTION = YES;
				GCC_WARN_UNUSED_VARIABLE = YES;
				IPHONEOS_DEPLOYMENT_TARGET = 18.5;
				LOCALIZATION_PREFERS_STRING_CATALOGS = YES;
				MTL_ENABLE_DEBUG_INFO = NO;
				MTL_FAST_MATH = YES;
				SDKROOT = iphoneos;
				SWIFT_COMPILATION_MODE = wholemodule;
				VALIDATE_PRODUCT = YES;
			};
			name = Release;
		};
/* End XCBuildConfiguration section */

/* Begin XCConfigurationList section */
		0815A1372E3053D900BD3417 /* Build configuration list for PBXProject "TravelPlanner" */ = {
			isa = XCConfigurationList;
			buildConfigurations = (
				0815A1522E3053DC00BD3417 /* Debug */,
				0815A1532E3053DC00BD3417 /* Release */,
			);
			defaultConfigurationIsVisible = 0;
			defaultConfigurationName = Release;
		};
		0815A14F2E3053DC00BD3417 /* Build configuration list for PBXNativeTarget "TravelPlanner" */ = {
			isa = XCConfigurationList;
			buildConfigurations = (
				0815A1502E3053DC00BD3417 /* Debug */,
				0815A1512E3053DC00BD3417 /* Release */,
			);
			defaultConfigurationIsVisible = 0;
			defaultConfigurationName = Release;
		};
/* End XCConfigurationList section */

/* Begin XCRemoteSwiftPackageReference section */
		0815A1742E30A4BA00BD3417 /* XCRemoteSwiftPackageReference "firebase-ios-sdk" */ = {
			isa = XCRemoteSwiftPackageReference;
			repositoryURL = "https://github.com/firebase/firebase-ios-sdk";
			requirement = {
				kind = upToNextMajorVersion;
				minimumVersion = 12.0.0;
			};
		};
		08D252CB2E5CEF290079F746 /* XCRemoteSwiftPackageReference "dotlottie-ios" */ = {
			isa = XCRemoteSwiftPackageReference;
			repositoryURL = "https://github.com/LottieFiles/dotlottie-ios";
			requirement = {
				branch = main;
				kind = branch;
			};
		};
		08F01ACA2E44E86300CED5EF /* XCRemoteSwiftPackageReference "GoogleSignIn-iOS" */ = {
			isa = XCRemoteSwiftPackageReference;
			repositoryURL = "https://github.com/google/GoogleSignIn-iOS";
			requirement = {
				kind = upToNextMajorVersion;
				minimumVersion = 9.0.0;
			};
		};
/* End XCRemoteSwiftPackageReference section */

/* Begin XCSwiftPackageProductDependency section */
		0815A1752E30A4BA00BD3417 /* FirebaseAI */ = {
			isa = XCSwiftPackageProductDependency;
			package = 0815A1742E30A4BA00BD3417 /* XCRemoteSwiftPackageReference "firebase-ios-sdk" */;
			productName = FirebaseAI;
		};
		0815A1772E30A4BA00BD3417 /* FirebaseAnalytics */ = {
			isa = XCSwiftPackageProductDependency;
			package = 0815A1742E30A4BA00BD3417 /* XCRemoteSwiftPackageReference "firebase-ios-sdk" */;
			productName = FirebaseAnalytics;
		};
		0815A1792E30A4BA00BD3417 /* FirebaseAppCheck */ = {
			isa = XCSwiftPackageProductDependency;
			package = 0815A1742E30A4BA00BD3417 /* XCRemoteSwiftPackageReference "firebase-ios-sdk" */;
			productName = FirebaseAppCheck;
		};
		0815A17B2E30A54000BD3417 /* FirebaseCore */ = {
			isa = XCSwiftPackageProductDependency;
			package = 0815A1742E30A4BA00BD3417 /* XCRemoteSwiftPackageReference "firebase-ios-sdk" */;
			productName = FirebaseCore;
		};
		08D252CC2E5CEF290079F746 /* DotLottie */ = {
			isa = XCSwiftPackageProductDependency;
			package = 08D252CB2E5CEF290079F746 /* XCRemoteSwiftPackageReference "dotlottie-ios" */;
			productName = DotLottie;
		};
		08D7805E2E40DBCE0039B5D1 /* TravelPlannerAuth */ = {
			isa = XCSwiftPackageProductDependency;
			productName = TravelPlannerAuth;
		};
		08D780602E43896E0039B5D1 /* FirebaseAuth */ = {
			isa = XCSwiftPackageProductDependency;
			package = 0815A1742E30A4BA00BD3417 /* XCRemoteSwiftPackageReference "firebase-ios-sdk" */;
			productName = FirebaseAuth;
		};
		08F01ACB2E44E86400CED5EF /* GoogleSignIn */ = {
			isa = XCSwiftPackageProductDependency;
			package = 08F01ACA2E44E86300CED5EF /* XCRemoteSwiftPackageReference "GoogleSignIn-iOS" */;
			productName = GoogleSignIn;
		};
		08F01ACD2E44E86400CED5EF /* GoogleSignInSwift */ = {
			isa = XCSwiftPackageProductDependency;
			package = 08F01ACA2E44E86300CED5EF /* XCRemoteSwiftPackageReference "GoogleSignIn-iOS" */;
			productName = GoogleSignInSwift;
		};
		08F01AD32E450D9500CED5EF /* TravelPlannerNetwork */ = {
			isa = XCSwiftPackageProductDependency;
			productName = TravelPlannerNetwork;
		};
		08F01AD62E45116600CED5EF /* AppResources */ = {
			isa = XCSwiftPackageProductDependency;
			productName = AppResources;
		};
		08F01ADC2E45171000CED5EF /* AIPlanner */ = {
			isa = XCSwiftPackageProductDependency;
			productName = AIPlanner;
		};
		08F01B0E2E491B2600CED5EF /* MockData */ = {
			isa = XCSwiftPackageProductDependency;
			productName = MockData;
		};
		08F01B142E4CC38A00CED5EF /* UserProfile */ = {
			isa = XCSwiftPackageProductDependency;
			productName = UserProfile;
		};
		08F01B462E54D0B300CED5EF /* TabBar */ = {
			isa = XCSwiftPackageProductDependency;
			productName = TabBar;
		};
		08F01B492E54EFB500CED5EF /* AppRouter */ = {
			isa = XCSwiftPackageProductDependency;
			productName = AppRouter;
		};
		08F01B4C2E561C6700CED5EF /* Splash */ = {
			isa = XCSwiftPackageProductDependency;
			productName = Splash;
		};
		08F01BC52E5BECFE00CED5EF /* AppCheckProvider */ = {
			isa = XCSwiftPackageProductDependency;
			productName = AppCheckProvider;
		};
/* End XCSwiftPackageProductDependency section */
	};
	rootObject = 0815A1342E3053D900BD3417 /* Project object */;
}
